
Microsoft Visual Studio Solution File, Format Version 12.00
# Visual Studio 2012
Project("{CC5FD16D-436D-48AD-A40C-5A424C6E3E79}") = "WCFTest", "WCFTest\WCFTest.ccproj", "{6B9F67B9-13AB-4667-A686-C77ACA15EDD8}"
EndProject
Project("{FAE04EC0-301F-11D3-BF4B-00C04F79EFBC}") = "WCFServiceWebRole", "WCFServiceWebRole\WCFServiceWebRole.csproj", "{65E71A9E-CF17-4E06-9675-4385F748DDA3}"
EndProject
Global
	GlobalSection(SolutionConfigurationPlatforms) = preSolution
		Debug|Any CPU = Debug|Any CPU
		Release|Any CPU = Release|Any CPU
	EndGlobalSection
	GlobalSection(ProjectConfigurationPlatforms) = postSolution
		{6B9F67B9-13AB-4667-A686-C77ACA15EDD8}.Debug|Any CPU.ActiveCfg = Debug|Any CPU
		{6B9F67B9-13AB-4667-A686-C77ACA15EDD8}.Debug|Any CPU.Build.0 = Debug|Any CPU
		{6B9F67B9-13AB-4667-A686-C77ACA15EDD8}.Release|Any CPU.ActiveCfg = Release|Any CPU
		{6B9F67B9-13AB-4667-A686-C77ACA15EDD8}.Release|Any CPU.Build.0 = Release|Any CPU
		{65E71A9E-CF17-4E06-9675-4385F748DDA3}.Debug|Any CPU.ActiveCfg = Debug|Any CPU
		{65E71A9E-CF17-4E06-9675-4385F748DDA3}.Debug|Any CPU.Build.0 = Debug|Any CPU
		{65E71A9E-CF17-4E06-9675-4385F748DDA3}.Release|Any CPU.ActiveCfg = Release|Any CPU
		{65E71A9E-CF17-4E06-9675-4385F748DDA3}.Release|Any CPU.Build.0 = Release|Any CPU
	EndGlobalSection
	GlobalSection(SolutionProperties) = preSolution
		HideSolutionNode = FALSE
	EndGlobalSection
EndGlobal
